
Microsoft Visual Studio Solution File, Format Version 12.00
# Visual Studio Version 17
VisualStudioVersion = 17.5.33530.505
MinimumVisualStudioVersion = 10.0.40219.1
Project("{FAE04EC0-301F-11D3-BF4B-00C04F79EFBC}") = "TravelPal", "TravelPad\TravelPal.csproj", "{EAA6EB2F-F5D3-490D-860A-8D829E0000BA}"
EndProject
Global
	GlobalSection(SolutionConfigurationPlatforms) = preSolution
		Debug|Any CPU = Debug|Any CPU
		Release|Any CPU = Release|Any CPU
	EndGlobalSection
	GlobalSection(ProjectConfigurationPlatforms) = postSolution
		{EAA6EB2F-F5D3-490D-860A-8D829E0000BA}.Debug|Any CPU.ActiveCfg = Debug|Any CPU
		{EAA6EB2F-F5D3-490D-860A-8D829E0000BA}.Debug|Any CPU.Build.0 = Debug|Any CPU
		{EAA6EB2F-F5D3-490D-860A-8D829E0000BA}.Release|Any CPU.ActiveCfg = Release|Any CPU
		{EAA6EB2F-F5D3-490D-860A-8D829E0000BA}.Release|Any CPU.Build.0 = Release|Any CPU
	EndGlobalSection
	GlobalSection(SolutionProperties) = preSolution
		HideSolutionNode = FALSE
	EndGlobalSection
	GlobalSection(ExtensibilityGlobals) = postSolution
		SolutionGuid = {D936352D-B151-4CF1-9FD7-E25E35DEFA1F}
	EndGlobalSection
EndGlobal
